Microsoft Visual Studio Solution File, Format Version 12.00
# Visual Studio Version 17
VisualStudioVersion = 17.5.2.0
MinimumVisualStudioVersion = 10.0.40219.1
Project("{FAE04EC0-301F-11D3-BF4B-00C04F79EFBC}") = "studenttCrudapp", "studenttCrudapp.csproj", "{B69C1D45-03C7-69C6-D50D-C4564F57A786}"
EndProject
Global
	GlobalSection(SolutionConfigurationPlatforms) = preSolution
		Debug|Any CPU = Debug|Any CPU
		Release|Any CPU = Release|Any CPU
	EndGlobalSection
	GlobalSection(ProjectConfigurationPlatforms) = postSolution
		{B69C1D45-03C7-69C6-D50D-C4564F57A786}.Debug|Any CPU.ActiveCfg = Debug|Any CPU
		{B69C1D45-03C7-69C6-D50D-C4564F57A786}.Debug|Any CPU.Build.0 = Debug|Any CPU
		{B69C1D45-03C7-69C6-D50D-C4564F57A786}.Release|Any CPU.ActiveCfg = Release|Any CPU
		{B69C1D45-03C7-69C6-D50D-C4564F57A786}.Release|Any CPU.Build.0 = Release|Any CPU
	EndGlobalSection
	GlobalSection(SolutionProperties) = preSolution
		HideSolutionNode = FALSE
	EndGlobalSection
	GlobalSection(ExtensibilityGlobals) = postSolution
		SolutionGuid = {87D366F5-C598-4040-9C5A-EC7B67472E41}
	EndGlobalSection
EndGlobal
