<Solution>
  <Project Path="CalculatorUsingDelegates/CalculatorUsingDelegates.csproj" />
  <Project Path="LinqMethod/LinqMethod.csproj" />
  <Project Path="MulticastDelegate/MulticastDelegate.csproj" />
  <Project Path="replacemethodwithLambdaExpression/replacemethodwithLambdaExpression.csproj" />
  <Project Path="SortingUsingLambda/SortingUsingLambda.csproj" />
</Solution>
