<Solution>
  <Project Path="DEPENDENCY INVERSION PRINCIPLE/DEPENDENCY INVERSION PRINCIPLE.csproj" />
  <Project Path="INTERFACE SEGREGATION PRINCIPLE/INTERFACE SEGREGATION PRINCIPLE.csproj" />
  <Project Path="LISKOV SUBSTITUTION PRINCIPLE/LISKOV SUBSTITUTION PRINCIPLE.csproj" />
  <Project Path="OPENCLOSEDRINCIPLE/OPENCLOSEDRINCIPLE.csproj" />
  <Project Path="SINGLERESPONSIBILITYPRINCIPLE/SINGLERESPONSIBILITYPRINCIPLE.csproj" />
</Solution>
